// !$*UTF8*$!
{
	archiveVersion = 1;
	classes = {
	};
	objectVersion = 77;
	objects = {

/* Begin PBXBuildFile section */
		B8CD65AD2CCAB7E900E8F8B3 /* Assets.xcassets in Resources */ = {isa = PBXBuildFile; fileRef = B8CD65A42CCAB7E900E8F8B3 /* Assets.xcassets */; };
		B8CD65B12CCAB7E900E8F8B3 /* AppDelegate.swift in Sources */ = {isa = PBXBuildFile; fileRef = B8CD65A32CCAB7E900E8F8B3 /* AppDelegate.swift */; };
		B8CD65B22CCAB7E900E8F8B3 /* SceneDelegate.swift in Sources */ = {isa = PBXBuildFile; fileRef = B8CD65AA2CCAB7E900E8F8B3 /* SceneDelegate.swift */; };
		B8CD65B32CCAB7E900E8F8B3 /* WeatherInfoViewController.swift in Sources */ = {isa = PBXBuildFile; fileRef = B8CD65AB2CCAB7E900E8F8B3 /* WeatherInfoViewController.swift */; };
		B8CD65BE2CCAB8D600E8F8B3 /* LaunchScreen.storyboard in Resources */ = {isa = PBXBuildFile; fileRef = B8CD65BD2CCAB8D600E8F8B3 /* LaunchScreen.storyboard */; };
		B8CD65C02CCAB90700E8F8B3 /* PretendardVariable.ttf in Resources */ = {isa = PBXBuildFile; fileRef = B8CD65BF2CCAB90700E8F8B3 /* PretendardVariable.ttf */; };
		B8CD65C32CCABA2000E8F8B3 /* SnapKit in Frameworks */ = {isa = PBXBuildFile; productRef = B8CD65C22CCABA2000E8F8B3 /* SnapKit */; };
		B8CD65C62CCABA5F00E8F8B3 /* Alamofire in Frameworks */ = {isa = PBXBuildFile; productRef = B8CD65C52CCABA5F00E8F8B3 /* Alamofire */; };
		B8CD65C92CCABAF800E8F8B3 /* RxSwift in Frameworks */ = {isa = PBXBuildFile; productRef = B8CD65C82CCABAF800E8F8B3 /* RxSwift */; };
		B8CD65CB2CCABB7100E8F8B3 /* Constants.swift in Sources */ = {isa = PBXBuildFile; fileRef = B8CD65CA2CCABB7100E8F8B3 /* Constants.swift */; };
		B8CD65CD2CCABB8300E8F8B3 /* CustomLabel.swift in Sources */ = {isa = PBXBuildFile; fileRef = B8CD65CC2CCABB8300E8F8B3 /* CustomLabel.swift */; };
		B8CD65CF2CCABBBE00E8F8B3 /* UIFont.swift in Sources */ = {isa = PBXBuildFile; fileRef = B8CD65CE2CCABBBE00E8F8B3 /* UIFont.swift */; };
		B8CD65D12CCABBD300E8F8B3 /* UIColor.swift in Sources */ = {isa = PBXBuildFile; fileRef = B8CD65D02CCABBD300E8F8B3 /* UIColor.swift */; };
		B8CD65D32CCABD0700E8F8B3 /* UICollectionViewCell.swift in Sources */ = {isa = PBXBuildFile; fileRef = B8CD65D22CCABD0700E8F8B3 /* UICollectionViewCell.swift */; };
		B8CD65D52CCABD2F00E8F8B3 /* UITableViewCell.swift in Sources */ = {isa = PBXBuildFile; fileRef = B8CD65D42CCABD2F00E8F8B3 /* UITableViewCell.swift */; };
		B8CD65D72CCB598100E8F8B3 /* SearchViewController.swift in Sources */ = {isa = PBXBuildFile; fileRef = B8CD65D62CCB598100E8F8B3 /* SearchViewController.swift */; };
		B8CD65D92CCB5F3A00E8F8B3 /* CurrentWeatherInfoCell.swift in Sources */ = {isa = PBXBuildFile; fileRef = B8CD65D82CCB5F3A00E8F8B3 /* CurrentWeatherInfoCell.swift */; };
/* End PBXBuildFile section */

/* Begin PBXFileReference section */
		B8CD658B2CCAB75800E8F8B3 /* WeatherForecast.app */ = {isa = PBXFileReference; explicitFileType = wrapper.application; includeInIndex = 0; path = WeatherForecast.app; sourceTree = BUILT_PRODUCTS_DIR; };
		B8CD65A32CCAB7E900E8F8B3 /* AppDelegate.swift */ = {isa = PBXFileReference; lastKnownFileType = sourcecode.swift; path = AppDelegate.swift; sourceTree = "<group>"; };
		B8CD65A42CCAB7E900E8F8B3 /* Assets.xcassets */ = {isa = PBXFileReference; lastKnownFileType = folder.assetcatalog; path = Assets.xcassets; sourceTree = "<group>"; };
		B8CD65A52CCAB7E900E8F8B3 /* Info.plist */ = {isa = PBXFileReference; lastKnownFileType = text.plist.xml; path = Info.plist; sourceTree = "<group>"; };
		B8CD65AA2CCAB7E900E8F8B3 /* SceneDelegate.swift */ = {isa = PBXFileReference; lastKnownFileType = sourcecode.swift; path = SceneDelegate.swift; sourceTree = "<group>"; };
		B8CD65AB2CCAB7E900E8F8B3 /* WeatherInfoViewController.swift */ = {isa = PBXFileReference; lastKnownFileType = sourcecode.swift; path = WeatherInfoViewController.swift; sourceTree = "<group>"; };
		B8CD65BD2CCAB8D600E8F8B3 /* LaunchScreen.storyboard */ = {isa = PBXFileReference; lastKnownFileType = file.storyboard; path = LaunchScreen.storyboard; sourceTree = "<group>"; };
		B8CD65BF2CCAB90700E8F8B3 /* PretendardVariable.ttf */ = {isa = PBXFileReference; lastKnownFileType = file; path = PretendardVariable.ttf; sourceTree = "<group>"; };
		B8CD65CA2CCABB7100E8F8B3 /* Constants.swift */ = {isa = PBXFileReference; lastKnownFileType = sourcecode.swift; path = Constants.swift; sourceTree = "<group>"; };
		B8CD65CC2CCABB8300E8F8B3 /* CustomLabel.swift */ = {isa = PBXFileReference; lastKnownFileType = sourcecode.swift; path = CustomLabel.swift; sourceTree = "<group>"; };
		B8CD65CE2CCABBBE00E8F8B3 /* UIFont.swift */ = {isa = PBXFileReference; lastKnownFileType = sourcecode.swift; path = UIFont.swift; sourceTree = "<group>"; };
		B8CD65D02CCABBD300E8F8B3 /* UIColor.swift */ = {isa = PBXFileReference; lastKnownFileType = sourcecode.swift; path = UIColor.swift; sourceTree = "<group>"; };
		B8CD65D22CCABD0700E8F8B3 /* UICollectionViewCell.swift */ = {isa = PBXFileReference; lastKnownFileType = sourcecode.swift; path = UICollectionViewCell.swift; sourceTree = "<group>"; };
		B8CD65D42CCABD2F00E8F8B3 /* UITableViewCell.swift */ = {isa = PBXFileReference; lastKnownFileType = sourcecode.swift; path = UITableViewCell.swift; sourceTree = "<group>"; };
		B8CD65D62CCB598100E8F8B3 /* SearchViewController.swift */ = {isa = PBXFileReference; lastKnownFileType = sourcecode.swift; path = SearchViewController.swift; sourceTree = "<group>"; };
		B8CD65D82CCB5F3A00E8F8B3 /* CurrentWeatherInfoCell.swift */ = {isa = PBXFileReference; lastKnownFileType = sourcecode.swift; path = CurrentWeatherInfoCell.swift; sourceTree = "<group>"; };
/* End PBXFileReference section */

/* Begin PBXFrameworksBuildPhase section */
		B8CD65882CCAB75800E8F8B3 /* Frameworks */ = {
			isa = PBXFrameworksBuildPhase;
			buildActionMask = 2147483647;
			files = (
				B8CD65C92CCABAF800E8F8B3 /* RxSwift in Frameworks */,
				B8CD65C32CCABA2000E8F8B3 /* SnapKit in Frameworks */,
				B8CD65C62CCABA5F00E8F8B3 /* Alamofire in Frameworks */,
			);
			runOnlyForDeploymentPostprocessing = 0;
		};
/* End PBXFrameworksBuildPhase section */

/* Begin PBXGroup section */
		B8CD65822CCAB75800E8F8B3 = {
			isa = PBXGroup;
			children = (
				B8CD65AC2CCAB7E900E8F8B3 /* WeatherForecast */,
				B8CD658C2CCAB75800E8F8B3 /* Products */,
			);
			sourceTree = "<group>";
		};
		B8CD658C2CCAB75800E8F8B3 /* Products */ = {
			isa = PBXGroup;
			children = (
				B8CD658B2CCAB75800E8F8B3 /* WeatherForecast.app */,
			);
			name = Products;
			sourceTree = "<group>";
		};
		B8CD65AC2CCAB7E900E8F8B3 /* WeatherForecast */ = {
			isa = PBXGroup;
			children = (
				B8CD65B82CCAB80A00E8F8B3 /* Mode */,
				B8CD65B72CCAB80200E8F8B3 /* View */,
				B8CD65B62CCAB80000E8F8B3 /* ViewModel */,
				B8CD65B52CCAB7FF00E8F8B3 /* Utils */,
				B8CD65B42CCAB7FB00E8F8B3 /* Extension */,
				B8CD65B92CCAB84B00E8F8B3 /* Resource */,
			);
			path = WeatherForecast;
			sourceTree = "<group>";
		};
		B8CD65B42CCAB7FB00E8F8B3 /* Extension */ = {
			isa = PBXGroup;
			children = (
				B8CD65CE2CCABBBE00E8F8B3 /* UIFont.swift */,
				B8CD65D02CCABBD300E8F8B3 /* UIColor.swift */,
				B8CD65D22CCABD0700E8F8B3 /* UICollectionViewCell.swift */,
				B8CD65D42CCABD2F00E8F8B3 /* UITableViewCell.swift */,
			);
			path = Extension;
			sourceTree = "<group>";
		};
		B8CD65B52CCAB7FF00E8F8B3 /* Utils */ = {
			isa = PBXGroup;
			children = (
				B8CD65CA2CCABB7100E8F8B3 /* Constants.swift */,
				B8CD65CC2CCABB8300E8F8B3 /* CustomLabel.swift */,
			);
			path = Utils;
			sourceTree = "<group>";
		};
		B8CD65B62CCAB80000E8F8B3 /* ViewModel */ = {
			isa = PBXGroup;
			children = (
			);
			path = ViewModel;
			sourceTree = "<group>";
		};
		B8CD65B72CCAB80200E8F8B3 /* View */ = {
			isa = PBXGroup;
			children = (
				B8CD65AB2CCAB7E900E8F8B3 /* WeatherInfoViewController.swift */,
				B8CD65DF2CCBE92D00E8F8B3 /* WeatherCell */,
				B8CD65D62CCB598100E8F8B3 /* SearchViewController.swift */,
			);
			path = View;
			sourceTree = "<group>";
		};
		B8CD65B82CCAB80A00E8F8B3 /* Mode */ = {
			isa = PBXGroup;
			children = (
			);
			path = Mode;
			sourceTree = "<group>";
		};
		B8CD65B92CCAB84B00E8F8B3 /* Resource */ = {
			isa = PBXGroup;
			children = (
				B8CD65BA2CCAB86C00E8F8B3 /* Font */,
				B8CD65AA2CCAB7E900E8F8B3 /* SceneDelegate.swift */,
				B8CD65A32CCAB7E900E8F8B3 /* AppDelegate.swift */,
				B8CD65A42CCAB7E900E8F8B3 /* Assets.xcassets */,
				B8CD65A52CCAB7E900E8F8B3 /* Info.plist */,
				B8CD65BD2CCAB8D600E8F8B3 /* LaunchScreen.storyboard */,
			);
			path = Resource;
			sourceTree = "<group>";
		};
		B8CD65BA2CCAB86C00E8F8B3 /* Font */ = {
			isa = PBXGroup;
			children = (
				B8CD65BF2CCAB90700E8F8B3 /* PretendardVariable.ttf */,
			);
			path = Font;
			sourceTree = "<group>";
		};
		B8CD65DA2CCB657F00E8F8B3 /* CurrentWeatherInfo */ = {
			isa = PBXGroup;
			children = (
				B8CD65D82CCB5F3A00E8F8B3 /* CurrentWeatherInfoCell.swift */,
			);
			path = CurrentWeatherInfo;
			sourceTree = "<group>";
		};
		B8CD65DB2CCB659900E8F8B3 /* Temperature */ = {
			isa = PBXGroup;
			children = (
			);
			path = Temperature;
			sourceTree = "<group>";
		};
		B8CD65DC2CCB666500E8F8B3 /* FiveDays */ = {
			isa = PBXGroup;
			children = (
			);
			path = FiveDays;
			sourceTree = "<group>";
		};
		B8CD65DD2CCB66AD00E8F8B3 /* CityLocation */ = {
			isa = PBXGroup;
			children = (
			);
			path = CityLocation;
			sourceTree = "<group>";
		};
		B8CD65DE2CCB66C600E8F8B3 /* OtherInfo */ = {
			isa = PBXGroup;
			children = (
			);
			path = OtherInfo;
			sourceTree = "<group>";
		};
		B8CD65DF2CCBE92D00E8F8B3 /* WeatherCell */ = {
			isa = PBXGroup;
			children = (
				B8CD65DA2CCB657F00E8F8B3 /* CurrentWeatherInfo */,
				B8CD65DB2CCB659900E8F8B3 /* Temperature */,
				B8CD65DC2CCB666500E8F8B3 /* FiveDays */,
				B8CD65DD2CCB66AD00E8F8B3 /* CityLocation */,
				B8CD65DE2CCB66C600E8F8B3 /* OtherInfo */,
			);
			path = WeatherCell;
			sourceTree = "<group>";
		};
/* End PBXGroup section */

/* Begin PBXNativeTarget section */
		B8CD658A2CCAB75800E8F8B3 /* WeatherForecast */ = {
			isa = PBXNativeTarget;
			buildConfigurationList = B8CD659E2CCAB75900E8F8B3 /* Build configuration list for PBXNativeTarget "WeatherForecast" */;
			buildPhases = (
				B8CD65872CCAB75800E8F8B3 /* Sources */,
				B8CD65882CCAB75800E8F8B3 /* Frameworks */,
				B8CD65892CCAB75800E8F8B3 /* Resources */,
			);
			buildRules = (
			);
			dependencies = (
			);
			name = WeatherForecast;
			packageProductDependencies = (
				B8CD65C22CCABA2000E8F8B3 /* SnapKit */,
				B8CD65C52CCABA5F00E8F8B3 /* Alamofire */,
				B8CD65C82CCABAF800E8F8B3 /* RxSwift */,
			);
			productName = WeatherForecast;
			productReference = B8CD658B2CCAB75800E8F8B3 /* WeatherForecast.app */;
			productType = "com.apple.product-type.application";
		};
/* End PBXNativeTarget section */

/* Begin PBXProject section */
		B8CD65832CCAB75800E8F8B3 /* Project object */ = {
			isa = PBXProject;
			attributes = {
				BuildIndependentTargetsInParallel = 1;
				LastSwiftUpdateCheck = 1600;
				LastUpgradeCheck = 1600;
				TargetAttributes = {
					B8CD658A2CCAB75800E8F8B3 = {
						CreatedOnToolsVersion = 16.0;
					};
				};
			};
			buildConfigurationList = B8CD65862CCAB75800E8F8B3 /* Build configuration list for PBXProject "WeatherForecast" */;
			developmentRegion = en;
			hasScannedForEncodings = 0;
			knownRegions = (
				en,
				Base,
			);
			mainGroup = B8CD65822CCAB75800E8F8B3;
			minimizedProjectReferenceProxies = 1;
			packageReferences = (
				B8CD65C12CCABA2000E8F8B3 /* XCRemoteSwiftPackageReference "SnapKit" */,
				B8CD65C42CCABA5F00E8F8B3 /* XCRemoteSwiftPackageReference "Alamofire" */,
				B8CD65C72CCABAF800E8F8B3 /* XCRemoteSwiftPackageReference "RxSwift" */,
			);
			preferredProjectObjectVersion = 77;
			productRefGroup = B8CD658C2CCAB75800E8F8B3 /* Products */;
			projectDirPath = "";
			projectRoot = "";
			targets = (
				B8CD658A2CCAB75800E8F8B3 /* WeatherForecast */,
			);
		};
/* End PBXProject section */

/* Begin PBXResourcesBuildPhase section */
		B8CD65892CCAB75800E8F8B3 /* Resources */ = {
			isa = PBXResourcesBuildPhase;
			buildActionMask = 2147483647;
			files = (
				B8CD65AD2CCAB7E900E8F8B3 /* Assets.xcassets in Resources */,
				B8CD65BE2CCAB8D600E8F8B3 /* LaunchScreen.storyboard in Resources */,
				B8CD65C02CCAB90700E8F8B3 /* PretendardVariable.ttf in Resources */,
			);
			runOnlyForDeploymentPostprocessing = 0;
		};
/* End PBXResourcesBuildPhase section */

/* Begin PBXSourcesBuildPhase section */
		B8CD65872CCAB75800E8F8B3 /* Sources */ = {
			isa = PBXSourcesBuildPhase;
			buildActionMask = 2147483647;
			files = (
				B8CD65D72CCB598100E8F8B3 /* SearchViewController.swift in Sources */,
				B8CD65D92CCB5F3A00E8F8B3 /* CurrentWeatherInfoCell.swift in Sources */,
				B8CD65D52CCABD2F00E8F8B3 /* UITableViewCell.swift in Sources */,
				B8CD65B12CCAB7E900E8F8B3 /* AppDelegate.swift in Sources */,
				B8CD65D12CCABBD300E8F8B3 /* UIColor.swift in Sources */,
				B8CD65D32CCABD0700E8F8B3 /* UICollectionViewCell.swift in Sources */,
				B8CD65CD2CCABB8300E8F8B3 /* CustomLabel.swift in Sources */,
				B8CD65CF2CCABBBE00E8F8B3 /* UIFont.swift in Sources */,
				B8CD65B22CCAB7E900E8F8B3 /* SceneDelegate.swift in Sources */,
				B8CD65B32CCAB7E900E8F8B3 /* WeatherInfoViewController.swift in Sources */,
				B8CD65CB2CCABB7100E8F8B3 /* Constants.swift in Sources */,
			);
			runOnlyForDeploymentPostprocessing = 0;
		};
/* End PBXSourcesBuildPhase section */

/* Begin XCBuildConfiguration section */
		B8CD659F2CCAB75900E8F8B3 /* Debug */ = {
			isa = XCBuildConfiguration;
			buildSettings = {
				ASSETCATALOG_COMPILER_APPICON_NAME = AppIcon;
				ASSETCATALOG_COMPILER_GLOBAL_ACCENT_COLOR_NAME = AccentColor;
				CODE_SIGN_STYLE = Automatic;
				CURRENT_PROJECT_VERSION = 1;
				DEVELOPMENT_TEAM = 785X8Q9TA9;
				GENERATE_INFOPLIST_FILE = YES;
				INFOPLIST_FILE = WeatherForecast/Resource/Info.plist;
				INFOPLIST_KEY_UIApplicationSupportsIndirectInputEvents = YES;
				INFOPLIST_KEY_UILaunchStoryboardName = LaunchScreen;
				INFOPLIST_KEY_UISupportedInterfaceOrientations_iPad = "UIInterfaceOrientationPortrait UIInterfaceOrientationPortraitUpsideDown UIInterfaceOrientationLandscapeLeft UIInterfaceOrientationLandscapeRight";
				INFOPLIST_KEY_UISupportedInterfaceOrientations_iPhone = "UIInterfaceOrientationPortrait UIInterfaceOrientationLandscapeLeft UIInterfaceOrientationLandscapeRight";
				IPHONEOS_DEPLOYMENT_TARGET = 15.6;
				LD_RUNPATH_SEARCH_PATHS = (
					"$(inherited)",
					"@executable_path/Frameworks",
				);
				MARKETING_VERSION = 1.0;
				PRODUCT_BUNDLE_IDENTIFIER = com.luttoil.WeatherForecast;
				PRODUCT_NAME = "$(TARGET_NAME)";
				SWIFT_EMIT_LOC_STRINGS = YES;
				SWIFT_VERSION = 5.0;
				TARGETED_DEVICE_FAMILY = "1,2";
			};
			name = Debug;
		};
		B8CD65A02CCAB75900E8F8B3 /* Release */ = {
			isa = XCBuildConfiguration;
			buildSettings = {
				ASSETCATALOG_COMPILER_APPICON_NAME = AppIcon;
				ASSETCATALOG_COMPILER_GLOBAL_ACCENT_COLOR_NAME = AccentColor;
				CODE_SIGN_STYLE = Automatic;
				CURRENT_PROJECT_VERSION = 1;
				DEVELOPMENT_TEAM = 785X8Q9TA9;
				GENERATE_INFOPLIST_FILE = YES;
				INFOPLIST_FILE = WeatherForecast/Resource/Info.plist;
				INFOPLIST_KEY_UIApplicationSupportsIndirectInputEvents = YES;
				INFOPLIST_KEY_UILaunchStoryboardName = LaunchScreen;
				INFOPLIST_KEY_UISupportedInterfaceOrientations_iPad = "UIInterfaceOrientationPortrait UIInterfaceOrientationPortraitUpsideDown UIInterfaceOrientationLandscapeLeft UIInterfaceOrientationLandscapeRight";
				INFOPLIST_KEY_UISupportedInterfaceOrientations_iPhone = "UIInterfaceOrientationPortrait UIInterfaceOrientationLandscapeLeft UIInterfaceOrientationLandscapeRight";
				IPHONEOS_DEPLOYMENT_TARGET = 15.6;
				LD_RUNPATH_SEARCH_PATHS = (
					"$(inherited)",
					"@executable_path/Frameworks",
				);
				MARKETING_VERSION = 1.0;
				PRODUCT_BUNDLE_IDENTIFIER = com.luttoil.WeatherForecast;
				PRODUCT_NAME = "$(TARGET_NAME)";
				SWIFT_EMIT_LOC_STRINGS = YES;
				SWIFT_VERSION = 5.0;
				TARGETED_DEVICE_FAMILY = "1,2";
			};
			name = Release;
		};
		B8CD65A12CCAB75900E8F8B3 /* Debug */ = {
			isa = XCBuildConfiguration;
			buildSettings = {
				ALWAYS_SEARCH_USER_PATHS = NO;
				ASSETCATALOG_COMPILER_GENERATE_SWIFT_ASSET_SYMBOL_EXTENSIONS = YES;
				CLANG_ANALYZER_NONNULL = YES;
				CLANG_ANALYZER_NUMBER_OBJECT_CONVERSION = YES_AGGRESSIVE;
				CLANG_CXX_LANGUAGE_STANDARD = "gnu++20";
				CLANG_ENABLE_MODULES = YES;
				CLANG_ENABLE_OBJC_ARC = YES;
				CLANG_ENABLE_OBJC_WEAK = YES;
				CLANG_WARN_BLOCK_CAPTURE_AUTORELEASING = YES;
				CLANG_WARN_BOOL_CONVERSION = YES;
				CLANG_WARN_COMMA = YES;
				CLANG_WARN_CONSTANT_CONVERSION = YES;
				CLANG_WARN_DEPRECATED_OBJC_IMPLEMENTATIONS = YES;
				CLANG_WARN_DIRECT_OBJC_ISA_USAGE = YES_ERROR;
				CLANG_WARN_DOCUMENTATION_COMMENTS = YES;
				CLANG_WARN_EMPTY_BODY = YES;
				CLANG_WARN_ENUM_CONVERSION = YES;
				CLANG_WARN_INFINITE_RECURSION = YES;
				CLANG_WARN_INT_CONVERSION = YES;
				CLANG_WARN_NON_LITERAL_NULL_CONVERSION = YES;
				CLANG_WARN_OBJC_IMPLICIT_RETAIN_SELF = YES;
				CLANG_WARN_OBJC_LITERAL_CONVERSION = YES;
				CLANG_WARN_OBJC_ROOT_CLASS = YES_ERROR;
				CLANG_WARN_QUOTED_INCLUDE_IN_FRAMEWORK_HEADER = YES;
				CLANG_WARN_RANGE_LOOP_ANALYSIS = YES;
				CLANG_WARN_STRICT_PROTOTYPES = YES;
				CLANG_WARN_SUSPICIOUS_MOVE = YES;
				CLANG_WARN_UNGUARDED_AVAILABILITY = YES_AGGRESSIVE;
				CLANG_WARN_UNREACHABLE_CODE = YES;
				CLANG_WARN__DUPLICATE_METHOD_MATCH = YES;
				COPY_PHASE_STRIP = NO;
				DEBUG_INFORMATION_FORMAT = dwarf;
				ENABLE_STRICT_OBJC_MSGSEND = YES;
				ENABLE_TESTABILITY = YES;
				ENABLE_USER_SCRIPT_SANDBOXING = YES;
				GCC_C_LANGUAGE_STANDARD = gnu17;
				GCC_DYNAMIC_NO_PIC = NO;
				GCC_NO_COMMON_BLOCKS = YES;
				GCC_OPTIMIZATION_LEVEL = 0;
				GCC_PREPROCESSOR_DEFINITIONS = (
					"DEBUG=1",
					"$(inherited)",
				);
				GCC_WARN_64_TO_32_BIT_CONVERSION = YES;
				GCC_WARN_ABOUT_RETURN_TYPE = YES_ERROR;
				GCC_WARN_UNDECLARED_SELECTOR = YES;
				GCC_WARN_UNINITIALIZED_AUTOS = YES_AGGRESSIVE;
				GCC_WARN_UNUSED_FUNCTION = YES;
				GCC_WARN_UNUSED_VARIABLE = YES;
				IPHONEOS_DEPLOYMENT_TARGET = 18.0;
				LOCALIZATION_PREFERS_STRING_CATALOGS = YES;
				MTL_ENABLE_DEBUG_INFO = INCLUDE_SOURCE;
				MTL_FAST_MATH = YES;
				ONLY_ACTIVE_ARCH = YES;
				SDKROOT = iphoneos;
				SWIFT_ACTIVE_COMPILATION_CONDITIONS = "DEBUG $(inherited)";
				SWIFT_OPTIMIZATION_LEVEL = "-Onone";
			};
			name = Debug;
		};
		B8CD65A22CCAB75900E8F8B3 /* Release */ = {
			isa = XCBuildConfiguration;
			buildSettings = {
				ALWAYS_SEARCH_USER_PATHS = NO;
				ASSETCATALOG_COMPILER_GENERATE_SWIFT_ASSET_SYMBOL_EXTENSIONS = YES;
				CLANG_ANALYZER_NONNULL = YES;
				CLANG_ANALYZER_NUMBER_OBJECT_CONVERSION = YES_AGGRESSIVE;
				CLANG_CXX_LANGUAGE_STANDARD = "gnu++20";
				CLANG_ENABLE_MODULES = YES;
				CLANG_ENABLE_OBJC_ARC = YES;
				CLANG_ENABLE_OBJC_WEAK = YES;
				CLANG_WARN_BLOCK_CAPTURE_AUTORELEASING = YES;
				CLANG_WARN_BOOL_CONVERSION = YES;
				CLANG_WARN_COMMA = YES;
				CLANG_WARN_CONSTANT_CONVERSION = YES;
				CLANG_WARN_DEPRECATED_OBJC_IMPLEMENTATIONS = YES;
				CLANG_WARN_DIRECT_OBJC_ISA_USAGE = YES_ERROR;
				CLANG_WARN_DOCUMENTATION_COMMENTS = YES;
				CLANG_WARN_EMPTY_BODY = YES;
				CLANG_WARN_ENUM_CONVERSION = YES;
				CLANG_WARN_INFINITE_RECURSION = YES;
				CLANG_WARN_INT_CONVERSION = YES;
				CLANG_WARN_NON_LITERAL_NULL_CONVERSION = YES;
				CLANG_WARN_OBJC_IMPLICIT_RETAIN_SELF = YES;
				CLANG_WARN_OBJC_LITERAL_CONVERSION = YES;
				CLANG_WARN_OBJC_ROOT_CLASS = YES_ERROR;
				CLANG_WARN_QUOTED_INCLUDE_IN_FRAMEWORK_HEADER = YES;
				CLANG_WARN_RANGE_LOOP_ANALYSIS = YES;
				CLANG_WARN_STRICT_PROTOTYPES = YES;
				CLANG_WARN_SUSPICIOUS_MOVE = YES;
				CLANG_WARN_UNGUARDED_AVAILABILITY = YES_AGGRESSIVE;
				CLANG_WARN_UNREACHABLE_CODE = YES;
				CLANG_WARN__DUPLICATE_METHOD_MATCH = YES;
				COPY_PHASE_STRIP = NO;
				DEBUG_INFORMATION_FORMAT = "dwarf-with-dsym";
				ENABLE_NS_ASSERTIONS = NO;
				ENABLE_STRICT_OBJC_MSGSEND = YES;
				ENABLE_USER_SCRIPT_SANDBOXING = YES;
				GCC_C_LANGUAGE_STANDARD = gnu17;
				GCC_NO_COMMON_BLOCKS = YES;
				GCC_WARN_64_TO_32_BIT_CONVERSION = YES;
				GCC_WARN_ABOUT_RETURN_TYPE = YES_ERROR;
				GCC_WARN_UNDECLARED_SELECTOR = YES;
				GCC_WARN_UNINITIALIZED_AUTOS = YES_AGGRESSIVE;
				GCC_WARN_UNUSED_FUNCTION = YES;
				GCC_WARN_UNUSED_VARIABLE = YES;
				IPHONEOS_DEPLOYMENT_TARGET = 18.0;
				LOCALIZATION_PREFERS_STRING_CATALOGS = YES;
				MTL_ENABLE_DEBUG_INFO = NO;
				MTL_FAST_MATH = YES;
				SDKROOT = iphoneos;
				SWIFT_COMPILATION_MODE = wholemodule;
				VALIDATE_PRODUCT = YES;
			};
			name = Release;
		};
/* End XCBuildConfiguration section */

/* Begin XCConfigurationList section */
		B8CD65862CCAB75800E8F8B3 /* Build configuration list for PBXProject "WeatherForecast" */ = {
			isa = XCConfigurationList;
			buildConfigurations = (
				B8CD65A12CCAB75900E8F8B3 /* Debug */,
				B8CD65A22CCAB75900E8F8B3 /* Release */,
			);
			defaultConfigurationIsVisible = 0;
			defaultConfigurationName = Release;
		};
		B8CD659E2CCAB75900E8F8B3 /* Build configuration list for PBXNativeTarget "WeatherForecast" */ = {
			isa = XCConfigurationList;
			buildConfigurations = (
				B8CD659F2CCAB75900E8F8B3 /* Debug */,
				B8CD65A02CCAB75900E8F8B3 /* Release */,
			);
			defaultConfigurationIsVisible = 0;
			defaultConfigurationName = Release;
		};
/* End XCConfigurationList section */

/* Begin XCRemoteSwiftPackageReference section */
		B8CD65C12CCABA2000E8F8B3 /* XCRemoteSwiftPackageReference "SnapKit" */ = {
			isa = XCRemoteSwiftPackageReference;
			repositoryURL = "https://github.com/SnapKit/SnapKit.git";
			requirement = {
				kind = upToNextMajorVersion;
				minimumVersion = 5.7.1;
			};
		};
		B8CD65C42CCABA5F00E8F8B3 /* XCRemoteSwiftPackageReference "Alamofire" */ = {
			isa = XCRemoteSwiftPackageReference;
			repositoryURL = "https://github.com/Alamofire/Alamofire.git";
			requirement = {
				kind = upToNextMajorVersion;
				minimumVersion = 5.10.1;
			};
		};
		B8CD65C72CCABAF800E8F8B3 /* XCRemoteSwiftPackageReference "RxSwift" */ = {
			isa = XCRemoteSwiftPackageReference;
			repositoryURL = "https://github.com/ReactiveX/RxSwift";
			requirement = {
				kind = upToNextMajorVersion;
				minimumVersion = 6.8.0;
			};
		};
/* End XCRemoteSwiftPackageReference section */

/* Begin XCSwiftPackageProductDependency section */
		B8CD65C22CCABA2000E8F8B3 /* SnapKit */ = {
			isa = XCSwiftPackageProductDependency;
			package = B8CD65C12CCABA2000E8F8B3 /* XCRemoteSwiftPackageReference "SnapKit" */;
			productName = SnapKit;
		};
		B8CD65C52CCABA5F00E8F8B3 /* Alamofire */ = {
			isa = XCSwiftPackageProductDependency;
			package = B8CD65C42CCABA5F00E8F8B3 /* XCRemoteSwiftPackageReference "Alamofire" */;
			productName = Alamofire;
		};
		B8CD65C82CCABAF800E8F8B3 /* RxSwift */ = {
			isa = XCSwiftPackageProductDependency;
			package = B8CD65C72CCABAF800E8F8B3 /* XCRemoteSwiftPackageReference "RxSwift" */;
			productName = RxSwift;
		};
/* End XCSwiftPackageProductDependency section */
	};
	rootObject = B8CD65832CCAB75800E8F8B3 /* Project object */;
}
